
Microsoft Visual Studio Solution File, Format Version 12.00
# Visual Studio Version 16
VisualStudioVersion = 16.0.31129.286
MinimumVisualStudioVersion = 10.0.40219.1
Project("{FAE04EC0-301F-11D3-BF4B-00C04F79EFBC}") = "Pratica_Profissional", "Pratica_Profissional\Pratica_Profissional.csproj", "{CE2E03AD-FEF4-4D2A-AF3D-ECC0B60CFDDA}"
EndProject
Global
	GlobalSection(SolutionConfigurationPlatforms) = preSolution
		Debug|Any CPU = Debug|Any CPU
		Release|Any CPU = Release|Any CPU
	EndGlobalSection
	GlobalSection(ProjectConfigurationPlatforms) = postSolution
		{CE2E03AD-FEF4-4D2A-AF3D-ECC0B60CFDDA}.Debug|Any CPU.ActiveCfg = Debug|Any CPU
		{CE2E03AD-FEF4-4D2A-AF3D-ECC0B60CFDDA}.Debug|Any CPU.Build.0 = Debug|Any CPU
		{CE2E03AD-FEF4-4D2A-AF3D-ECC0B60CFDDA}.Release|Any CPU.ActiveCfg = Release|Any CPU
		{CE2E03AD-FEF4-4D2A-AF3D-ECC0B60CFDDA}.Release|Any CPU.Build.0 = Release|Any CPU
	EndGlobalSection
	GlobalSection(SolutionProperties) = preSolution
		HideSolutionNode = FALSE
	EndGlobalSection
	GlobalSection(ExtensibilityGlobals) = postSolution
		SolutionGuid = {F76B5D47-832A-43E8-A6BE-A7F38ABA2CBF}
	EndGlobalSection
EndGlobal
